
Microsoft Visual Studio Solution File, Format Version 12.00
# Visual Studio 15
VisualStudioVersion = 15.0.28307.705
MinimumVisualStudioVersion = 10.0.40219.1
Project("{9A19103F-16F7-4668-BE54-9A1E7A4F7556}") = "IaSiViziteaza", "IaSiViziteaza\IaSiViziteaza.csproj", "{4F6162E2-9171-4887-8DE0-10CC5516808C}"
EndProject
Project("{9A19103F-16F7-4668-BE54-9A1E7A4F7556}") = "IaSiViziteaza.BLL", "IaSiViziteaza.BLL\IaSiViziteaza.BLL.csproj", "{19432C24-AE71-483A-A109-CD301147CB1C}"
EndProject
Project("{9A19103F-16F7-4668-BE54-9A1E7A4F7556}") = "IaSiViziteaza.DAL", "IaSiViziteaza.DAL\IaSiViziteaza.DAL.csproj", "{EB1BF183-AFC8-4224-8F5E-B1D5B52CF5C1}"
EndProject
Project("{FAE04EC0-301F-11D3-BF4B-00C04F79EFBC}") = "IaSiViziteaza.FE", "IaSiViziteaza.FE\IaSiViziteaza.FE.csproj", "{22770361-ACA5-4B9C-80A8-13F704515D04}"
EndProject
Project("{FAE04EC0-301F-11D3-BF4B-00C04F79EFBC}") = "IaSiViziteaza.DAL.ORC", "IaSiViziteaza.DAL.ORC\IaSiViziteaza.DAL.ORC.csproj", "{8DCFAF32-B3EC-49A7-99BF-724D49E82BC5}"
EndProject
Global
	GlobalSection(SolutionConfigurationPlatforms) = preSolution
		Debug|Any CPU = Debug|Any CPU
		Release|Any CPU = Release|Any CPU
	EndGlobalSection
	GlobalSection(ProjectConfigurationPlatforms) = postSolution
		{4F6162E2-9171-4887-8DE0-10CC5516808C}.Debug|Any CPU.ActiveCfg = Debug|Any CPU
		{4F6162E2-9171-4887-8DE0-10CC5516808C}.Debug|Any CPU.Build.0 = Debug|Any CPU
		{4F6162E2-9171-4887-8DE0-10CC5516808C}.Release|Any CPU.ActiveCfg = Release|Any CPU
		{4F6162E2-9171-4887-8DE0-10CC5516808C}.Release|Any CPU.Build.0 = Release|Any CPU
		{19432C24-AE71-483A-A109-CD301147CB1C}.Debug|Any CPU.ActiveCfg = Debug|Any CPU
		{19432C24-AE71-483A-A109-CD301147CB1C}.Debug|Any CPU.Build.0 = Debug|Any CPU
		{19432C24-AE71-483A-A109-CD301147CB1C}.Release|Any CPU.ActiveCfg = Release|Any CPU
		{19432C24-AE71-483A-A109-CD301147CB1C}.Release|Any CPU.Build.0 = Release|Any CPU
		{EB1BF183-AFC8-4224-8F5E-B1D5B52CF5C1}.Debug|Any CPU.ActiveCfg = Debug|Any CPU
		{EB1BF183-AFC8-4224-8F5E-B1D5B52CF5C1}.Debug|Any CPU.Build.0 = Debug|Any CPU
		{EB1BF183-AFC8-4224-8F5E-B1D5B52CF5C1}.Release|Any CPU.ActiveCfg = Release|Any CPU
		{EB1BF183-AFC8-4224-8F5E-B1D5B52CF5C1}.Release|Any CPU.Build.0 = Release|Any CPU
		{22770361-ACA5-4B9C-80A8-13F704515D04}.Debug|Any CPU.ActiveCfg = Debug|Any CPU
		{22770361-ACA5-4B9C-80A8-13F704515D04}.Debug|Any CPU.Build.0 = Debug|Any CPU
		{22770361-ACA5-4B9C-80A8-13F704515D04}.Release|Any CPU.ActiveCfg = Release|Any CPU
		{22770361-ACA5-4B9C-80A8-13F704515D04}.Release|Any CPU.Build.0 = Release|Any CPU
		{8DCFAF32-B3EC-49A7-99BF-724D49E82BC5}.Debug|Any CPU.ActiveCfg = Debug|Any CPU
		{8DCFAF32-B3EC-49A7-99BF-724D49E82BC5}.Debug|Any CPU.Build.0 = Debug|Any CPU
		{8DCFAF32-B3EC-49A7-99BF-724D49E82BC5}.Release|Any CPU.ActiveCfg = Release|Any CPU
		{8DCFAF32-B3EC-49A7-99BF-724D49E82BC5}.Release|Any CPU.Build.0 = Release|Any CPU
	EndGlobalSection
	GlobalSection(SolutionProperties) = preSolution
		HideSolutionNode = FALSE
	EndGlobalSection
	GlobalSection(ExtensibilityGlobals) = postSolution
		SolutionGuid = {D0CCB277-1242-4F4C-A0CA-BB494FF13DFB}
	EndGlobalSection
EndGlobal
